
Microsoft Visual Studio Solution File, Format Version 12.00
# Visual Studio Version 16
VisualStudioVersion = 16.0.29424.173
MinimumVisualStudioVersion = 10.0.40219.1
Project("{9A19103F-16F7-4668-BE54-9A1E7A4F7556}") = "project_banhang", "project_banhang.csproj", "{66BBE8A6-E293-4CA3-A39D-8962D163B973}"
EndProject
Project("{FAE04EC0-301F-11D3-BF4B-00C04F79EFBC}") = "Common", "..\Common\Common.csproj", "{2E03BC53-F51E-43C6-B568-4222EA9E4BD6}"
EndProject
Global
	GlobalSection(SolutionConfigurationPlatforms) = preSolution
		Debug|Any CPU = Debug|Any CPU
		Release|Any CPU = Release|Any CPU
	EndGlobalSection
	GlobalSection(ProjectConfigurationPlatforms) = postSolution
		{66BBE8A6-E293-4CA3-A39D-8962D163B973}.Debug|Any CPU.ActiveCfg = Debug|Any CPU
		{66BBE8A6-E293-4CA3-A39D-8962D163B973}.Debug|Any CPU.Build.0 = Debug|Any CPU
		{66BBE8A6-E293-4CA3-A39D-8962D163B973}.Release|Any CPU.ActiveCfg = Release|Any CPU
		{66BBE8A6-E293-4CA3-A39D-8962D163B973}.Release|Any CPU.Build.0 = Release|Any CPU
		{2E03BC53-F51E-43C6-B568-4222EA9E4BD6}.Debug|Any CPU.ActiveCfg = Debug|Any CPU
		{2E03BC53-F51E-43C6-B568-4222EA9E4BD6}.Debug|Any CPU.Build.0 = Debug|Any CPU
		{2E03BC53-F51E-43C6-B568-4222EA9E4BD6}.Release|Any CPU.ActiveCfg = Release|Any CPU
		{2E03BC53-F51E-43C6-B568-4222EA9E4BD6}.Release|Any CPU.Build.0 = Release|Any CPU
	EndGlobalSection
	GlobalSection(SolutionProperties) = preSolution
		HideSolutionNode = FALSE
	EndGlobalSection
	GlobalSection(ExtensibilityGlobals) = postSolution
		SolutionGuid = {4742B713-4158-4C5A-9122-E96408B00142}
	EndGlobalSection
EndGlobal
